
Microsoft Visual Studio Solution File, Format Version 12.00
# Visual Studio Version 17
VisualStudioVersion = 17.4.33205.214
MinimumVisualStudioVersion = 10.0.40219.1
Project("{FAE04EC0-301F-11D3-BF4B-00C04F79EFBC}") = "Framework", "Framework\Framework.csproj", "{121CA01C-EB73-4A1C-99A8-4007CA64E244}"
EndProject
Global
	GlobalSection(SolutionConfigurationPlatforms) = preSolution
		Debug|Any CPU = Debug|Any CPU
		Release|Any CPU = Release|Any CPU
	EndGlobalSection
	GlobalSection(ProjectConfigurationPlatforms) = postSolution
		{121CA01C-EB73-4A1C-99A8-4007CA64E244}.Debug|Any CPU.ActiveCfg = Debug|Any CPU
		{121CA01C-EB73-4A1C-99A8-4007CA64E244}.Debug|Any CPU.Build.0 = Debug|Any CPU
		{121CA01C-EB73-4A1C-99A8-4007CA64E244}.Release|Any CPU.ActiveCfg = Release|Any CPU
		{121CA01C-EB73-4A1C-99A8-4007CA64E244}.Release|Any CPU.Build.0 = Release|Any CPU
	EndGlobalSection
	GlobalSection(SolutionProperties) = preSolution
		HideSolutionNode = FALSE
	EndGlobalSection
	GlobalSection(ExtensibilityGlobals) = postSolution
		SolutionGuid = {753F5572-A511-4D69-B84B-B890650F0143}
	EndGlobalSection
EndGlobal
